
Microsoft Visual Studio Solution File, Format Version 12.00
# Visual Studio Version 16
VisualStudioVersion = 16.0.30114.105
MinimumVisualStudioVersion = 10.0.40219.1
Project("{2150E333-8FDC-42A3-9474-1A3956D46DE8}") = "src", "src", "{D2B6C1AF-027D-42AE-A6C7-54021DAEEEC8}"
EndProject
Project("{FAE04EC0-301F-11D3-BF4B-00C04F79EFBC}") = "FormFlow.Web", "src\FormFlow.Web\FormFlow.Web.csproj", "{6CC0D873-0CE2-4847-89A7-357479E51E2C}"
EndProject
Project("{2150E333-8FDC-42A3-9474-1A3956D46DE8}") = "tests", "tests", "{8CC20C74-20D5-4089-8643-D0539244E7FA}"
EndProject
Project("{FAE04EC0-301F-11D3-BF4B-00C04F79EFBC}") = "FormFlow.Tests", "tests\FormFlow.Tests\FormFlow.Tests.csproj", "{08D48E14-1DBA-44DD-B44B-F574F120698E}"
EndProject
Global
	GlobalSection(SolutionConfigurationPlatforms) = preSolution
		Debug|Any CPU = Debug|Any CPU
		Debug|x64 = Debug|x64
		Debug|x86 = Debug|x86
		Release|Any CPU = Release|Any CPU
		Release|x64 = Release|x64
		Release|x86 = Release|x86
	EndGlobalSection
	GlobalSection(SolutionProperties) = preSolution
		HideSolutionNode = FALSE
	EndGlobalSection
	GlobalSection(ProjectConfigurationPlatforms) = postSolution
		{6CC0D873-0CE2-4847-89A7-357479E51E2C}.Debug|Any CPU.ActiveCfg = Debug|Any CPU
		{6CC0D873-0CE2-4847-89A7-357479E51E2C}.Debug|Any CPU.Build.0 = Debug|Any CPU
		{6CC0D873-0CE2-4847-89A7-357479E51E2C}.Debug|x64.ActiveCfg = Debug|Any CPU
		{6CC0D873-0CE2-4847-89A7-357479E51E2C}.Debug|x64.Build.0 = Debug|Any CPU
		{6CC0D873-0CE2-4847-89A7-357479E51E2C}.Debug|x86.ActiveCfg = Debug|Any CPU
		{6CC0D873-0CE2-4847-89A7-357479E51E2C}.Debug|x86.Build.0 = Debug|Any CPU
		{6CC0D873-0CE2-4847-89A7-357479E51E2C}.Release|Any CPU.ActiveCfg = Release|Any CPU
		{6CC0D873-0CE2-4847-89A7-357479E51E2C}.Release|Any CPU.Build.0 = Release|Any CPU
		{6CC0D873-0CE2-4847-89A7-357479E51E2C}.Release|x64.ActiveCfg = Release|Any CPU
		{6CC0D873-0CE2-4847-89A7-357479E51E2C}.Release|x64.Build.0 = Release|Any CPU
		{6CC0D873-0CE2-4847-89A7-357479E51E2C}.Release|x86.ActiveCfg = Release|Any CPU
		{6CC0D873-0CE2-4847-89A7-357479E51E2C}.Release|x86.Build.0 = Release|Any CPU
		{08D48E14-1DBA-44DD-B44B-F574F120698E}.Debug|Any CPU.ActiveCfg = Debug|Any CPU
		{08D48E14-1DBA-44DD-B44B-F574F120698E}.Debug|Any CPU.Build.0 = Debug|Any CPU
		{08D48E14-1DBA-44DD-B44B-F574F120698E}.Debug|x64.ActiveCfg = Debug|Any CPU
		{08D48E14-1DBA-44DD-B44B-F574F120698E}.Debug|x64.Build.0 = Debug|Any CPU
		{08D48E14-1DBA-44DD-B44B-F574F120698E}.Debug|x86.ActiveCfg = Debug|Any CPU
		{08D48E14-1DBA-44DD-B44B-F574F120698E}.Debug|x86.Build.0 = Debug|Any CPU
		{08D48E14-1DBA-44DD-B44B-F574F120698E}.Release|Any CPU.ActiveCfg = Release|Any CPU
		{08D48E14-1DBA-44DD-B44B-F574F120698E}.Release|Any CPU.Build.0 = Release|Any CPU
		{08D48E14-1DBA-44DD-B44B-F574F120698E}.Release|x64.ActiveCfg = Release|Any CPU
		{08D48E14-1DBA-44DD-B44B-F574F120698E}.Release|x64.Build.0 = Release|Any CPU
		{08D48E14-1DBA-44DD-B44B-F574F120698E}.Release|x86.ActiveCfg = Release|Any CPU
		{08D48E14-1DBA-44DD-B44B-F574F120698E}.Release|x86.Build.0 = Release|Any CPU
	EndGlobalSection
	GlobalSection(NestedProjects) = preSolution
		{6CC0D873-0CE2-4847-89A7-357479E51E2C} = {D2B6C1AF-027D-42AE-A6C7-54021DAEEEC8}
		{08D48E14-1DBA-44DD-B44B-F574F120698E} = {8CC20C74-20D5-4089-8643-D0539244E7FA}
	EndGlobalSection
EndGlobal
